// !$*UTF8*$!
{
	archiveVersion = 1;
	classes = {
	};
	objectVersion = 55;
	objects = {

/* Begin PBXBuildFile section */
		8B034CBB27C65306005AA42A /* AppDelegate.m in Sources */ = {isa = PBXBuildFile; fileRef = 8B034CBA27C65306005AA42A /* AppDelegate.m */; };
		8B034CBE27C65306005AA42A /* SceneDelegate.m in Sources */ = {isa = PBXBuildFile; fileRef = 8B034CBD27C65306005AA42A /* SceneDelegate.m */; };
		8B034CC127C65306005AA42A /* ViewController.m in Sources */ = {isa = PBXBuildFile; fileRef = 8B034CC027C65306005AA42A /* ViewController.m */; };
		8B034CC427C65306005AA42A /* Main.storyboard in Resources */ = {isa = PBXBuildFile; fileRef = 8B034CC227C65306005AA42A /* Main.storyboard */; };
		8B034CC627C65308005AA42A /* Assets.xcassets in Resources */ = {isa = PBXBuildFile; fileRef = 8B034CC527C65308005AA42A /* Assets.xcassets */; };
		8B034CC927C65308005AA42A /* LaunchScreen.storyboard in Resources */ = {isa = PBXBuildFile; fileRef = 8B034CC727C65308005AA42A /* LaunchScreen.storyboard */; };
		8B034CCC27C65308005AA42A /* main.m in Sources */ = {isa = PBXBuildFile; fileRef = 8B034CCB27C65308005AA42A /* main.m */; };
		8B034CD527C653BB005AA42A /* Intents.framework in Frameworks */ = {isa = PBXBuildFile; fileRef = 8B034CD427C653BB005AA42A /* Intents.framework */; };
		8B034CDE27C65419005AA42A /* ShareViewController.m in Sources */ = {isa = PBXBuildFile; fileRef = 8B034CDD27C65419005AA42A /* ShareViewController.m */; };
		8B034CE127C65419005AA42A /* MainInterface.storyboard in Resources */ = {isa = PBXBuildFile; fileRef = 8B034CDF27C65419005AA42A /* MainInterface.storyboard */; };
		8B034CE527C65419005AA42A /* ShareExtension.appex in Embed App Extensions */ = {isa = PBXBuildFile; fileRef = 8B034CDA27C65419005AA42A /* ShareExtension.appex */; settings = {ATTRIBUTES = (RemoveHeadersOnCopy, ); }; };
/* End PBXBuildFile section */

/* Begin PBXContainerItemProxy section */
		8B034CE327C65419005AA42A /* PBXContainerItemProxy */ = {
			isa = PBXContainerItemProxy;
			containerPortal = 8B034CAE27C65306005AA42A /* Project object */;
			proxyType = 1;
			remoteGlobalIDString = 8B034CD927C65419005AA42A;
			remoteInfo = ShareExtension;
		};
/* End PBXContainerItemProxy section */

/* Begin PBXCopyFilesBuildPhase section */
		8B034CE927C65419005AA42A /* Embed App Extensions */ = {
			isa = PBXCopyFilesBuildPhase;
			buildActionMask = 2147483647;
			dstPath = "";
			dstSubfolderSpec = 13;
			files = (
				8B034CE527C65419005AA42A /* ShareExtension.appex in Embed App Extensions */,
			);
			name = "Embed App Extensions";
			runOnlyForDeploymentPostprocessing = 0;
		};
/* End PBXCopyFilesBuildPhase section */

/* Begin PBXFileReference section */
		8B034CB627C65306005AA42A /* ShareSuggession.app */ = {isa = PBXFileReference; explicitFileType = wrapper.application; includeInIndex = 0; path = ShareSuggession.app; sourceTree = BUILT_PRODUCTS_DIR; };
		8B034CB927C65306005AA42A /* AppDelegate.h */ = {isa = PBXFileReference; lastKnownFileType = sourcecode.c.h; path = AppDelegate.h; sourceTree = "<group>"; };
		8B034CBA27C65306005AA42A /* AppDelegate.m */ = {isa = PBXFileReference; lastKnownFileType = sourcecode.c.objc; path = AppDelegate.m; sourceTree = "<group>"; };
		8B034CBC27C65306005AA42A /* SceneDelegate.h */ = {isa = PBXFileReference; lastKnownFileType = sourcecode.c.h; path = SceneDelegate.h; sourceTree = "<group>"; };
		8B034CBD27C65306005AA42A /* SceneDelegate.m */ = {isa = PBXFileReference; lastKnownFileType = sourcecode.c.objc; path = SceneDelegate.m; sourceTree = "<group>"; };
		8B034CBF27C65306005AA42A /* ViewController.h */ = {isa = PBXFileReference; lastKnownFileType = sourcecode.c.h; path = ViewController.h; sourceTree = "<group>"; };
		8B034CC027C65306005AA42A /* ViewController.m */ = {isa = PBXFileReference; lastKnownFileType = sourcecode.c.objc; path = ViewController.m; sourceTree = "<group>"; };
		8B034CC327C65306005AA42A /* Base */ = {isa = PBXFileReference; lastKnownFileType = file.storyboard; name = Base; path = Base.lproj/Main.storyboard; sourceTree = "<group>"; };
		8B034CC527C65308005AA42A /* Assets.xcassets */ = {isa = PBXFileReference; lastKnownFileType = folder.assetcatalog; path = Assets.xcassets; sourceTree = "<group>"; };
		8B034CC827C65308005AA42A /* Base */ = {isa = PBXFileReference; lastKnownFileType = file.storyboard; name = Base; path = Base.lproj/LaunchScreen.storyboard; sourceTree = "<group>"; };
		8B034CCA27C65308005AA42A /* Info.plist */ = {isa = PBXFileReference; lastKnownFileType = text.plist.xml; path = Info.plist; sourceTree = "<group>"; };
		8B034CCB27C65308005AA42A /* main.m */ = {isa = PBXFileReference; lastKnownFileType = sourcecode.c.objc; path = main.m; sourceTree = "<group>"; };
		8B034CD227C65314005AA42A /* ShareSuggession.entitlements */ = {isa = PBXFileReference; lastKnownFileType = text.plist.entitlements; path = ShareSuggession.entitlements; sourceTree = "<group>"; };
		8B034CD427C653BB005AA42A /* Intents.framework */ = {isa = PBXFileReference; lastKnownFileType = wrapper.framework; name = Intents.framework; path = System/Library/Frameworks/Intents.framework; sourceTree = SDKROOT; };
		8B034CDA27C65419005AA42A /* ShareExtension.appex */ = {isa = PBXFileReference; explicitFileType = "wrapper.app-extension"; includeInIndex = 0; path = ShareExtension.appex; sourceTree = BUILT_PRODUCTS_DIR; };
		8B034CDC27C65419005AA42A /* ShareViewController.h */ = {isa = PBXFileReference; lastKnownFileType = sourcecode.c.h; path = ShareViewController.h; sourceTree = "<group>"; };
		8B034CDD27C65419005AA42A /* ShareViewController.m */ = {isa = PBXFileReference; lastKnownFileType = sourcecode.c.objc; path = ShareViewController.m; sourceTree = "<group>"; };
		8B034CE027C65419005AA42A /* Base */ = {isa = PBXFileReference; lastKnownFileType = file.storyboard; name = Base; path = Base.lproj/MainInterface.storyboard; sourceTree = "<group>"; };
		8B034CE227C65419005AA42A /* Info.plist */ = {isa = PBXFileReference; lastKnownFileType = text.plist.xml; path = Info.plist; sourceTree = "<group>"; };
/* End PBXFileReference section */

/* Begin PBXFrameworksBuildPhase section */
		8B034CB327C65306005AA42A /* Frameworks */ = {
			isa = PBXFrameworksBuildPhase;
			buildActionMask = 2147483647;
			files = (
				8B034CD527C653BB005AA42A /* Intents.framework in Frameworks */,
			);
			runOnlyForDeploymentPostprocessing = 0;
		};
		8B034CD727C65419005AA42A /* Frameworks */ = {
			isa = PBXFrameworksBuildPhase;
			buildActionMask = 2147483647;
			files = (
			);
			runOnlyForDeploymentPostprocessing = 0;
		};
/* End PBXFrameworksBuildPhase section */

/* Begin PBXGroup section */
		8B034CAD27C65306005AA42A = {
			isa = PBXGroup;
			children = (
				8B034CB827C65306005AA42A /* ShareSuggession */,
				8B034CDB27C65419005AA42A /* ShareExtension */,
				8B034CB727C65306005AA42A /* Products */,
				8B034CD327C653BB005AA42A /* Frameworks */,
			);
			sourceTree = "<group>";
		};
		8B034CB727C65306005AA42A /* Products */ = {
			isa = PBXGroup;
			children = (
				8B034CB627C65306005AA42A /* ShareSuggession.app */,
				8B034CDA27C65419005AA42A /* ShareExtension.appex */,
			);
			name = Products;
			sourceTree = "<group>";
		};
		8B034CB827C65306005AA42A /* ShareSuggession */ = {
			isa = PBXGroup;
			children = (
				8B034CD227C65314005AA42A /* ShareSuggession.entitlements */,
				8B034CB927C65306005AA42A /* AppDelegate.h */,
				8B034CBA27C65306005AA42A /* AppDelegate.m */,
				8B034CBC27C65306005AA42A /* SceneDelegate.h */,
				8B034CBD27C65306005AA42A /* SceneDelegate.m */,
				8B034CBF27C65306005AA42A /* ViewController.h */,
				8B034CC027C65306005AA42A /* ViewController.m */,
				8B034CC227C65306005AA42A /* Main.storyboard */,
				8B034CC527C65308005AA42A /* Assets.xcassets */,
				8B034CC727C65308005AA42A /* LaunchScreen.storyboard */,
				8B034CCA27C65308005AA42A /* Info.plist */,
				8B034CCB27C65308005AA42A /* main.m */,
			);
			path = ShareSuggession;
			sourceTree = "<group>";
		};
		8B034CD327C653BB005AA42A /* Frameworks */ = {
			isa = PBXGroup;
			children = (
				8B034CD427C653BB005AA42A /* Intents.framework */,
			);
			name = Frameworks;
			sourceTree = "<group>";
		};
		8B034CDB27C65419005AA42A /* ShareExtension */ = {
			isa = PBXGroup;
			children = (
				8B034CDC27C65419005AA42A /* ShareViewController.h */,
				8B034CDD27C65419005AA42A /* ShareViewController.m */,
				8B034CDF27C65419005AA42A /* MainInterface.storyboard */,
				8B034CE227C65419005AA42A /* Info.plist */,
			);
			path = ShareExtension;
			sourceTree = "<group>";
		};
/* End PBXGroup section */

/* Begin PBXNativeTarget section */
		8B034CB527C65306005AA42A /* ShareSuggession */ = {
			isa = PBXNativeTarget;
			buildConfigurationList = 8B034CCF27C65308005AA42A /* Build configuration list for PBXNativeTarget "ShareSuggession" */;
			buildPhases = (
				8B034CB227C65306005AA42A /* Sources */,
				8B034CB327C65306005AA42A /* Frameworks */,
				8B034CB427C65306005AA42A /* Resources */,
				8B034CE927C65419005AA42A /* Embed App Extensions */,
			);
			buildRules = (
			);
			dependencies = (
				8B034CE427C65419005AA42A /* PBXTargetDependency */,
			);
			name = ShareSuggession;
			productName = ShareSuggession;
			productReference = 8B034CB627C65306005AA42A /* ShareSuggession.app */;
			productType = "com.apple.product-type.application";
		};
		8B034CD927C65419005AA42A /* ShareExtension */ = {
			isa = PBXNativeTarget;
			buildConfigurationList = 8B034CE627C65419005AA42A /* Build configuration list for PBXNativeTarget "ShareExtension" */;
			buildPhases = (
				8B034CD627C65419005AA42A /* Sources */,
				8B034CD727C65419005AA42A /* Frameworks */,
				8B034CD827C65419005AA42A /* Resources */,
			);
			buildRules = (
			);
			dependencies = (
			);
			name = ShareExtension;
			productName = ShareExtension;
			productReference = 8B034CDA27C65419005AA42A /* ShareExtension.appex */;
			productType = "com.apple.product-type.app-extension";
		};
/* End PBXNativeTarget section */

/* Begin PBXProject section */
		8B034CAE27C65306005AA42A /* Project object */ = {
			isa = PBXProject;
			attributes = {
				BuildIndependentTargetsInParallel = 1;
				LastUpgradeCheck = 1310;
				TargetAttributes = {
					8B034CB527C65306005AA42A = {
						CreatedOnToolsVersion = 13.1;
					};
					8B034CD927C65419005AA42A = {
						CreatedOnToolsVersion = 13.1;
					};
				};
			};
			buildConfigurationList = 8B034CB127C65306005AA42A /* Build configuration list for PBXProject "ShareSuggession" */;
			compatibilityVersion = "Xcode 13.0";
			developmentRegion = en;
			hasScannedForEncodings = 0;
			knownRegions = (
				en,
				Base,
			);
			mainGroup = 8B034CAD27C65306005AA42A;
			productRefGroup = 8B034CB727C65306005AA42A /* Products */;
			projectDirPath = "";
			projectRoot = "";
			targets = (
				8B034CB527C65306005AA42A /* ShareSuggession */,
				8B034CD927C65419005AA42A /* ShareExtension */,
			);
		};
/* End PBXProject section */

/* Begin PBXResourcesBuildPhase section */
		8B034CB427C65306005AA42A /* Resources */ = {
			isa = PBXResourcesBuildPhase;
			buildActionMask = 2147483647;
			files = (
				8B034CC927C65308005AA42A /* LaunchScreen.storyboard in Resources */,
				8B034CC627C65308005AA42A /* Assets.xcassets in Resources */,
				8B034CC427C65306005AA42A /* Main.storyboard in Resources */,
			);
			runOnlyForDeploymentPostprocessing = 0;
		};
		8B034CD827C65419005AA42A /* Resources */ = {
			isa = PBXResourcesBuildPhase;
			buildActionMask = 2147483647;
			files = (
				8B034CE127C65419005AA42A /* MainInterface.storyboard in Resources */,
			);
			runOnlyForDeploymentPostprocessing = 0;
		};
/* End PBXResourcesBuildPhase section */

/* Begin PBXSourcesBuildPhase section */
		8B034CB227C65306005AA42A /* Sources */ = {
			isa = PBXSourcesBuildPhase;
			buildActionMask = 2147483647;
			files = (
				8B034CC127C65306005AA42A /* ViewController.m in Sources */,
				8B034CBB27C65306005AA42A /* AppDelegate.m in Sources */,
				8B034CCC27C65308005AA42A /* main.m in Sources */,
				8B034CBE27C65306005AA42A /* SceneDelegate.m in Sources */,
			);
			runOnlyForDeploymentPostprocessing = 0;
		};
		8B034CD627C65419005AA42A /* Sources */ = {
			isa = PBXSourcesBuildPhase;
			buildActionMask = 2147483647;
			files = (
				8B034CDE27C65419005AA42A /* ShareViewController.m in Sources */,
			);
			runOnlyForDeploymentPostprocessing = 0;
		};
/* End PBXSourcesBuildPhase section */

/* Begin PBXTargetDependency section */
		8B034CE427C65419005AA42A /* PBXTargetDependency */ = {
			isa = PBXTargetDependency;
			target = 8B034CD927C65419005AA42A /* ShareExtension */;
			targetProxy = 8B034CE327C65419005AA42A /* PBXContainerItemProxy */;
		};
/* End PBXTargetDependency section */

/* Begin PBXVariantGroup section */
		8B034CC227C65306005AA42A /* Main.storyboard */ = {
			isa = PBXVariantGroup;
			children = (
				8B034CC327C65306005AA42A /* Base */,
			);
			name = Main.storyboard;
			sourceTree = "<group>";
		};
		8B034CC727C65308005AA42A /* LaunchScreen.storyboard */ = {
			isa = PBXVariantGroup;
			children = (
				8B034CC827C65308005AA42A /* Base */,
			);
			name = LaunchScreen.storyboard;
			sourceTree = "<group>";
		};
		8B034CDF27C65419005AA42A /* MainInterface.storyboard */ = {
			isa = PBXVariantGroup;
			children = (
				8B034CE027C65419005AA42A /* Base */,
			);
			name = MainInterface.storyboard;
			sourceTree = "<group>";
		};
/* End PBXVariantGroup section */

/* Begin XCBuildConfiguration section */
		8B034CCD27C65308005AA42A /* Debug */ = {
			isa = XCBuildConfiguration;
			buildSettings = {
				ALWAYS_SEARCH_USER_PATHS = NO;
				CLANG_ANALYZER_NONNULL = YES;
				CLANG_ANALYZER_NUMBER_OBJECT_CONVERSION = YES_AGGRESSIVE;
				CLANG_CXX_LANGUAGE_STANDARD = "gnu++17";
				CLANG_CXX_LIBRARY = "libc++";
				CLANG_ENABLE_MODULES = YES;
				CLANG_ENABLE_OBJC_ARC = YES;
				CLANG_ENABLE_OBJC_WEAK = YES;
				CLANG_WARN_BLOCK_CAPTURE_AUTORELEASING = YES;
				CLANG_WARN_BOOL_CONVERSION = YES;
				CLANG_WARN_COMMA = YES;
				CLANG_WARN_CONSTANT_CONVERSION = YES;
				CLANG_WARN_DEPRECATED_OBJC_IMPLEMENTATIONS = YES;
				CLANG_WARN_DIRECT_OBJC_ISA_USAGE = YES_ERROR;
				CLANG_WARN_DOCUMENTATION_COMMENTS = YES;
				CLANG_WARN_EMPTY_BODY = YES;
				CLANG_WARN_ENUM_CONVERSION = YES;
				CLANG_WARN_INFINITE_RECURSION = YES;
				CLANG_WARN_INT_CONVERSION = YES;
				CLANG_WARN_NON_LITERAL_NULL_CONVERSION = YES;
				CLANG_WARN_OBJC_IMPLICIT_RETAIN_SELF = YES;
				CLANG_WARN_OBJC_LITERAL_CONVERSION = YES;
				CLANG_WARN_OBJC_ROOT_CLASS = YES_ERROR;
				CLANG_WARN_QUOTED_INCLUDE_IN_FRAMEWORK_HEADER = YES;
				CLANG_WARN_RANGE_LOOP_ANALYSIS = YES;
				CLANG_WARN_STRICT_PROTOTYPES = YES;
				CLANG_WARN_SUSPICIOUS_MOVE = YES;
				CLANG_WARN_UNGUARDED_AVAILABILITY = YES_AGGRESSIVE;
				CLANG_WARN_UNREACHABLE_CODE = YES;
				CLANG_WARN__DUPLICATE_METHOD_MATCH = YES;
				COPY_PHASE_STRIP = NO;
				DEBUG_INFORMATION_FORMAT = dwarf;
				ENABLE_STRICT_OBJC_MSGSEND = YES;
				ENABLE_TESTABILITY = YES;
				GCC_C_LANGUAGE_STANDARD = gnu11;
				GCC_DYNAMIC_NO_PIC = NO;
				GCC_NO_COMMON_BLOCKS = YES;
				GCC_OPTIMIZATION_LEVEL = 0;
				GCC_PREPROCESSOR_DEFINITIONS = (
					"DEBUG=1",
					"$(inherited)",
				);
				GCC_WARN_64_TO_32_BIT_CONVERSION = YES;
				GCC_WARN_ABOUT_RETURN_TYPE = YES_ERROR;
				GCC_WARN_UNDECLARED_SELECTOR = YES;
				GCC_WARN_UNINITIALIZED_AUTOS = YES_AGGRESSIVE;
				GCC_WARN_UNUSED_FUNCTION = YES;
				GCC_WARN_UNUSED_VARIABLE = YES;
				IPHONEOS_DEPLOYMENT_TARGET = 15.0;
				MTL_ENABLE_DEBUG_INFO = INCLUDE_SOURCE;
				MTL_FAST_MATH = YES;
				ONLY_ACTIVE_ARCH = YES;
				SDKROOT = iphoneos;
			};
			name = Debug;
		};
		8B034CCE27C65308005AA42A /* Release */ = {
			isa = XCBuildConfiguration;
			buildSettings = {
				ALWAYS_SEARCH_USER_PATHS = NO;
				CLANG_ANALYZER_NONNULL = YES;
				CLANG_ANALYZER_NUMBER_OBJECT_CONVERSION = YES_AGGRESSIVE;
				CLANG_CXX_LANGUAGE_STANDARD = "gnu++17";
				CLANG_CXX_LIBRARY = "libc++";
				CLANG_ENABLE_MODULES = YES;
				CLANG_ENABLE_OBJC_ARC = YES;
				CLANG_ENABLE_OBJC_WEAK = YES;
				CLANG_WARN_BLOCK_CAPTURE_AUTORELEASING = YES;
				CLANG_WARN_BOOL_CONVERSION = YES;
				CLANG_WARN_COMMA = YES;
				CLANG_WARN_CONSTANT_CONVERSION = YES;
				CLANG_WARN_DEPRECATED_OBJC_IMPLEMENTATIONS = YES;
				CLANG_WARN_DIRECT_OBJC_ISA_USAGE = YES_ERROR;
				CLANG_WARN_DOCUMENTATION_COMMENTS = YES;
				CLANG_WARN_EMPTY_BODY = YES;
				CLANG_WARN_ENUM_CONVERSION = YES;
				CLANG_WARN_INFINITE_RECURSION = YES;
				CLANG_WARN_INT_CONVERSION = YES;
				CLANG_WARN_NON_LITERAL_NULL_CONVERSION = YES;
				CLANG_WARN_OBJC_IMPLICIT_RETAIN_SELF = YES;
				CLANG_WARN_OBJC_LITERAL_CONVERSION = YES;
				CLANG_WARN_OBJC_ROOT_CLASS = YES_ERROR;
				CLANG_WARN_QUOTED_INCLUDE_IN_FRAMEWORK_HEADER = YES;
				CLANG_WARN_RANGE_LOOP_ANALYSIS = YES;
				CLANG_WARN_STRICT_PROTOTYPES = YES;
				CLANG_WARN_SUSPICIOUS_MOVE = YES;
				CLANG_WARN_UNGUARDED_AVAILABILITY = YES_AGGRESSIVE;
				CLANG_WARN_UNREACHABLE_CODE = YES;
				CLANG_WARN__DUPLICATE_METHOD_MATCH = YES;
				COPY_PHASE_STRIP = NO;
				DEBUG_INFORMATION_FORMAT = "dwarf-with-dsym";
				ENABLE_NS_ASSERTIONS = NO;
				ENABLE_STRICT_OBJC_MSGSEND = YES;
				GCC_C_LANGUAGE_STANDARD = gnu11;
				GCC_NO_COMMON_BLOCKS = YES;
				GCC_WARN_64_TO_32_BIT_CONVERSION = YES;
				GCC_WARN_ABOUT_RETURN_TYPE = YES_ERROR;
				GCC_WARN_UNDECLARED_SELECTOR = YES;
				GCC_WARN_UNINITIALIZED_AUTOS = YES_AGGRESSIVE;
				GCC_WARN_UNUSED_FUNCTION = YES;
				GCC_WARN_UNUSED_VARIABLE = YES;
				IPHONEOS_DEPLOYMENT_TARGET = 15.0;
				MTL_ENABLE_DEBUG_INFO = NO;
				MTL_FAST_MATH = YES;
				SDKROOT = iphoneos;
				VALIDATE_PRODUCT = YES;
			};
			name = Release;
		};
		8B034CD027C65308005AA42A /* Debug */ = {
			isa = XCBuildConfiguration;
			buildSettings = {
				ASSETCATALOG_COMPILER_APPICON_NAME = AppIcon;
				ASSETCATALOG_COMPILER_GLOBAL_ACCENT_COLOR_NAME = AccentColor;
				CODE_SIGN_ENTITLEMENTS = ShareSuggession/ShareSuggession.entitlements;
				CODE_SIGN_STYLE = Automatic;
				CURRENT_PROJECT_VERSION = 1;
				DEVELOPMENT_TEAM = N8FNH47NN6;
				GENERATE_INFOPLIST_FILE = YES;
				INFOPLIST_FILE = ShareSuggession/Info.plist;
				INFOPLIST_KEY_UIApplicationSupportsIndirectInputEvents = YES;
				INFOPLIST_KEY_UILaunchStoryboardName = LaunchScreen;
				INFOPLIST_KEY_UIMainStoryboardFile = Main;
				INFOPLIST_KEY_UISupportedInterfaceOrientations_iPad = "UIInterfaceOrientationPortrait UIInterfaceOrientationPortraitUpsideDown UIInterfaceOrientationLandscapeLeft UIInterfaceOrientationLandscapeRight";
				INFOPLIST_KEY_UISupportedInterfaceOrientations_iPhone = "UIInterfaceOrientationPortrait UIInterfaceOrientationLandscapeLeft UIInterfaceOrientationLandscapeRight";
				IPHONEOS_DEPLOYMENT_TARGET = 13.0;
				LD_RUNPATH_SEARCH_PATHS = (
					"$(inherited)",
					"@executable_path/Frameworks",
				);
				MARKETING_VERSION = 1.0;
				PRODUCT_BUNDLE_IDENTIFIER = net.ruiqi.ShareSuggession;
				PRODUCT_NAME = "$(TARGET_NAME)";
				SWIFT_EMIT_LOC_STRINGS = YES;
				TARGETED_DEVICE_FAMILY = "1,2";
			};
			name = Debug;
		};
		8B034CD127C65308005AA42A /* Release */ = {
			isa = XCBuildConfiguration;
			buildSettings = {
				ASSETCATALOG_COMPILER_APPICON_NAME = AppIcon;
				ASSETCATALOG_COMPILER_GLOBAL_ACCENT_COLOR_NAME = AccentColor;
				CODE_SIGN_ENTITLEMENTS = ShareSuggession/ShareSuggession.entitlements;
				CODE_SIGN_STYLE = Automatic;
				CURRENT_PROJECT_VERSION = 1;
				DEVELOPMENT_TEAM = N8FNH47NN6;
				GENERATE_INFOPLIST_FILE = YES;
				INFOPLIST_FILE = ShareSuggession/Info.plist;
				INFOPLIST_KEY_UIApplicationSupportsIndirectInputEvents = YES;
				INFOPLIST_KEY_UILaunchStoryboardName = LaunchScreen;
				INFOPLIST_KEY_UIMainStoryboardFile = Main;
				INFOPLIST_KEY_UISupportedInterfaceOrientations_iPad = "UIInterfaceOrientationPortrait UIInterfaceOrientationPortraitUpsideDown UIInterfaceOrientationLandscapeLeft UIInterfaceOrientationLandscapeRight";
				INFOPLIST_KEY_UISupportedInterfaceOrientations_iPhone = "UIInterfaceOrientationPortrait UIInterfaceOrientationLandscapeLeft UIInterfaceOrientationLandscapeRight";
				IPHONEOS_DEPLOYMENT_TARGET = 13.0;
				LD_RUNPATH_SEARCH_PATHS = (
					"$(inherited)",
					"@executable_path/Frameworks",
				);
				MARKETING_VERSION = 1.0;
				PRODUCT_BUNDLE_IDENTIFIER = net.ruiqi.ShareSuggession;
				PRODUCT_NAME = "$(TARGET_NAME)";
				SWIFT_EMIT_LOC_STRINGS = YES;
				TARGETED_DEVICE_FAMILY = "1,2";
			};
			name = Release;
		};
		8B034CE727C65419005AA42A /* Debug */ = {
			isa = XCBuildConfiguration;
			buildSettings = {
				CODE_SIGN_STYLE = Automatic;
				CURRENT_PROJECT_VERSION = 1;
				DEVELOPMENT_TEAM = N8FNH47NN6;
				GENERATE_INFOPLIST_FILE = YES;
				INFOPLIST_FILE = ShareExtension/Info.plist;
				INFOPLIST_KEY_CFBundleDisplayName = ShareExtension;
				INFOPLIST_KEY_NSHumanReadableCopyright = "";
				IPHONEOS_DEPLOYMENT_TARGET = 13.0;
				LD_RUNPATH_SEARCH_PATHS = (
					"$(inherited)",
					"@executable_path/Frameworks",
					"@executable_path/../../Frameworks",
				);
				MARKETING_VERSION = 1.0;
				PRODUCT_BUNDLE_IDENTIFIER = net.ruiqi.ShareSuggession.ShareExtension;
				PRODUCT_NAME = "$(TARGET_NAME)";
				SKIP_INSTALL = YES;
				SWIFT_EMIT_LOC_STRINGS = YES;
				TARGETED_DEVICE_FAMILY = "1,2";
			};
			name = Debug;
		};
		8B034CE827C65419005AA42A /* Release */ = {
			isa = XCBuildConfiguration;
			buildSettings = {
				CODE_SIGN_STYLE = Automatic;
				CURRENT_PROJECT_VERSION = 1;
				DEVELOPMENT_TEAM = N8FNH47NN6;
				GENERATE_INFOPLIST_FILE = YES;
				INFOPLIST_FILE = ShareExtension/Info.plist;
				INFOPLIST_KEY_CFBundleDisplayName = ShareExtension;
				INFOPLIST_KEY_NSHumanReadableCopyright = "";
				IPHONEOS_DEPLOYMENT_TARGET = 13.0;
				LD_RUNPATH_SEARCH_PATHS = (
					"$(inherited)",
					"@executable_path/Frameworks",
					"@executable_path/../../Frameworks",
				);
				MARKETING_VERSION = 1.0;
				PRODUCT_BUNDLE_IDENTIFIER = net.ruiqi.ShareSuggession.ShareExtension;
				PRODUCT_NAME = "$(TARGET_NAME)";
				SKIP_INSTALL = YES;
				SWIFT_EMIT_LOC_STRINGS = YES;
				TARGETED_DEVICE_FAMILY = "1,2";
			};
			name = Release;
		};
/* End XCBuildConfiguration section */

/* Begin XCConfigurationList section */
		8B034CB127C65306005AA42A /* Build configuration list for PBXProject "ShareSuggession" */ = {
			isa = XCConfigurationList;
			buildConfigurations = (
				8B034CCD27C65308005AA42A /* Debug */,
				8B034CCE27C65308005AA42A /* Release */,
			);
			defaultConfigurationIsVisible = 0;
			defaultConfigurationName = Release;
		};
		8B034CCF27C65308005AA42A /* Build configuration list for PBXNativeTarget "ShareSuggession" */ = {
			isa = XCConfigurationList;
			buildConfigurations = (
				8B034CD027C65308005AA42A /* Debug */,
				8B034CD127C65308005AA42A /* Release */,
			);
			defaultConfigurationIsVisible = 0;
			defaultConfigurationName = Release;
		};
		8B034CE627C65419005AA42A /* Build configuration list for PBXNativeTarget "ShareExtension" */ = {
			isa = XCConfigurationList;
			buildConfigurations = (
				8B034CE727C65419005AA42A /* Debug */,
				8B034CE827C65419005AA42A /* Release */,
			);
			defaultConfigurationIsVisible = 0;
			defaultConfigurationName = Release;
		};
/* End XCConfigurationList section */
	};
	rootObject = 8B034CAE27C65306005AA42A /* Project object */;
}
